// !$*UTF8*$!
{
	archiveVersion = 1;
	classes = {
	};
	objectVersion = 55;
	objects = {

/* Begin PBXBuildFile section */
		F02EEC8027FEDC2C004FCF8A /* UITableViewCell+Indentifier.swift in Sources */ = {isa = PBXBuildFile; fileRef = F02EEC7F27FEDC2C004FCF8A /* UITableViewCell+Indentifier.swift */; };
		F02EEC8227FEDFC5004FCF8A /* HomeViewModel.swift in Sources */ = {isa = PBXBuildFile; fileRef = F02EEC8127FEDFC5004FCF8A /* HomeViewModel.swift */; };
		F03F354A2804C8340088A8EE /* RxEnumKit in Frameworks */ = {isa = PBXBuildFile; productRef = F03F35492804C8340088A8EE /* RxEnumKit */; };
		F055635C27F6F60100AA840E /* AppDelegate.swift in Sources */ = {isa = PBXBuildFile; fileRef = F055635B27F6F60100AA840E /* AppDelegate.swift */; };
		F055636027F6F60100AA840E /* HomeViewController.swift in Sources */ = {isa = PBXBuildFile; fileRef = F055635F27F6F60100AA840E /* HomeViewController.swift */; };
		F055636527F6F60100AA840E /* Assets.xcassets in Resources */ = {isa = PBXBuildFile; fileRef = F055636427F6F60100AA840E /* Assets.xcassets */; };
		F055636827F6F60100AA840E /* LaunchScreen.storyboard in Resources */ = {isa = PBXBuildFile; fileRef = F055636627F6F60100AA840E /* LaunchScreen.storyboard */; };
		F087D7B727FAE689008849F5 /* NetworkClient.swift in Sources */ = {isa = PBXBuildFile; fileRef = F087D7B627FAE689008849F5 /* NetworkClient.swift */; };
		F0A2A04127FBBCFC00C22BB6 /* Rx+CustomView.swift in Sources */ = {isa = PBXBuildFile; fileRef = F0A2A04027FBBCFC00C22BB6 /* Rx+CustomView.swift */; };
		F0A2A04427FC2B4D00C22BB6 /* Differentiator in Frameworks */ = {isa = PBXBuildFile; productRef = F0A2A04327FC2B4D00C22BB6 /* Differentiator */; };
		F0A2A04627FC2B4D00C22BB6 /* RxDataSources in Frameworks */ = {isa = PBXBuildFile; productRef = F0A2A04527FC2B4D00C22BB6 /* RxDataSources */; };
		F0A9390E27F86BDC009675BF /* RxAlamofire in Frameworks */ = {isa = PBXBuildFile; productRef = F0A9390D27F86BDC009675BF /* RxAlamofire */; };
		F0A9391027F87F5D009675BF /* FeedService.swift in Sources */ = {isa = PBXBuildFile; fileRef = F0A9390F27F87F5D009675BF /* FeedService.swift */; };
		F0A9391227F88713009675BF /* FeedDTO.swift in Sources */ = {isa = PBXBuildFile; fileRef = F0A9391127F88713009675BF /* FeedDTO.swift */; };
		F0B8DEA627F7D8360031E23E /* RxCocoa in Frameworks */ = {isa = PBXBuildFile; productRef = F0B8DEA527F7D8360031E23E /* RxCocoa */; };
		F0B8DEA827F7D8360031E23E /* RxRelay in Frameworks */ = {isa = PBXBuildFile; productRef = F0B8DEA727F7D8360031E23E /* RxRelay */; };
		F0B8DEAA27F7D8360031E23E /* RxSwift in Frameworks */ = {isa = PBXBuildFile; productRef = F0B8DEA927F7D8360031E23E /* RxSwift */; };
		F0B8DEAD27F7D8750031E23E /* SnapKit in Frameworks */ = {isa = PBXBuildFile; productRef = F0B8DEAC27F7D8750031E23E /* SnapKit */; };
		F0D3421327FF44AB00CDE8B5 /* BindableType.swift in Sources */ = {isa = PBXBuildFile; fileRef = F0D3421227FF44AB00CDE8B5 /* BindableType.swift */; };
		F0D3421527FF476D00CDE8B5 /* Constants.swift in Sources */ = {isa = PBXBuildFile; fileRef = F0D3421427FF476D00CDE8B5 /* Constants.swift */; };
		F0D3421727FF489E00CDE8B5 /* BaseViewModel.swift in Sources */ = {isa = PBXBuildFile; fileRef = F0D3421627FF489E00CDE8B5 /* BaseViewModel.swift */; };
		F0D4645727FB353D0033EB54 /* Feed.swift in Sources */ = {isa = PBXBuildFile; fileRef = F0D4645627FB353D0033EB54 /* Feed.swift */; };
		F0D4645E27FBA6FD0033EB54 /* HomeView.swift in Sources */ = {isa = PBXBuildFile; fileRef = F0D4645D27FBA6FD0033EB54 /* HomeView.swift */; };
		F0D4646027FBADF10033EB54 /* ArticleCell.swift in Sources */ = {isa = PBXBuildFile; fileRef = F0D4645F27FBADF10033EB54 /* ArticleCell.swift */; };
		F0D4646327FBB46E0033EB54 /* BaseViewController.swift in Sources */ = {isa = PBXBuildFile; fileRef = F0D4646227FBB46E0033EB54 /* BaseViewController.swift */; };
		F0DF45E127FC5B13000EA644 /* ArticleSectionModel.swift in Sources */ = {isa = PBXBuildFile; fileRef = F0DF45E027FC5B13000EA644 /* ArticleSectionModel.swift */; };
		F0DF45E527FC996E000EA644 /* Nuke in Frameworks */ = {isa = PBXBuildFile; productRef = F0DF45E427FC996E000EA644 /* Nuke */; };
		F0F9B56627FCFC5D001C51B9 /* AppDelegate+Nuke.swift in Sources */ = {isa = PBXBuildFile; fileRef = F0F9B56527FCFC5D001C51B9 /* AppDelegate+Nuke.swift */; };
		F0FCAA9827F89A5200EED4B2 /* XMLCoder in Frameworks */ = {isa = PBXBuildFile; productRef = F0FCAA9727F89A5200EED4B2 /* XMLCoder */; };
		F0FEF82F27FA28CE00590C5B /* FeedServiceMock.swift in Sources */ = {isa = PBXBuildFile; fileRef = F0FEF82E27FA28CE00590C5B /* FeedServiceMock.swift */; };
/* End PBXBuildFile section */

/* Begin PBXFileReference section */
		F02EEC7F27FEDC2C004FCF8A /* UITableViewCell+Indentifier.swift */ = {isa = PBXFileReference; lastKnownFileType = sourcecode.swift; path = "UITableViewCell+Indentifier.swift"; sourceTree = "<group>"; };
		F02EEC8127FEDFC5004FCF8A /* HomeViewModel.swift */ = {isa = PBXFileReference; lastKnownFileType = sourcecode.swift; path = HomeViewModel.swift; sourceTree = "<group>"; };
		F055635827F6F60100AA840E /* FeedVerse.app */ = {isa = PBXFileReference; explicitFileType = wrapper.application; includeInIndex = 0; path = FeedVerse.app; sourceTree = BUILT_PRODUCTS_DIR; };
		F055635B27F6F60100AA840E /* AppDelegate.swift */ = {isa = PBXFileReference; lastKnownFileType = sourcecode.swift; path = AppDelegate.swift; sourceTree = "<group>"; };
		F055635F27F6F60100AA840E /* HomeViewController.swift */ = {isa = PBXFileReference; lastKnownFileType = sourcecode.swift; path = HomeViewController.swift; sourceTree = "<group>"; };
		F055636427F6F60100AA840E /* Assets.xcassets */ = {isa = PBXFileReference; lastKnownFileType = folder.assetcatalog; path = Assets.xcassets; sourceTree = "<group>"; };
		F055636727F6F60100AA840E /* Base */ = {isa = PBXFileReference; lastKnownFileType = file.storyboard; name = Base; path = Base.lproj/LaunchScreen.storyboard; sourceTree = "<group>"; };
		F055636927F6F60100AA840E /* Info.plist */ = {isa = PBXFileReference; lastKnownFileType = text.plist.xml; path = Info.plist; sourceTree = "<group>"; };
		F087D7B627FAE689008849F5 /* NetworkClient.swift */ = {isa = PBXFileReference; lastKnownFileType = sourcecode.swift; path = NetworkClient.swift; sourceTree = "<group>"; };
		F0A2A04027FBBCFC00C22BB6 /* Rx+CustomView.swift */ = {isa = PBXFileReference; lastKnownFileType = sourcecode.swift; path = "Rx+CustomView.swift"; sourceTree = "<group>"; };
		F0A9390F27F87F5D009675BF /* FeedService.swift */ = {isa = PBXFileReference; lastKnownFileType = sourcecode.swift; path = FeedService.swift; sourceTree = "<group>"; };
		F0A9391127F88713009675BF /* FeedDTO.swift */ = {isa = PBXFileReference; lastKnownFileType = sourcecode.swift; path = FeedDTO.swift; sourceTree = "<group>"; };
		F0D3421227FF44AB00CDE8B5 /* BindableType.swift */ = {isa = PBXFileReference; lastKnownFileType = sourcecode.swift; path = BindableType.swift; sourceTree = "<group>"; };
		F0D3421427FF476D00CDE8B5 /* Constants.swift */ = {isa = PBXFileReference; lastKnownFileType = sourcecode.swift; path = Constants.swift; sourceTree = "<group>"; };
		F0D3421627FF489E00CDE8B5 /* BaseViewModel.swift */ = {isa = PBXFileReference; lastKnownFileType = sourcecode.swift; path = BaseViewModel.swift; sourceTree = "<group>"; };
		F0D4645627FB353D0033EB54 /* Feed.swift */ = {isa = PBXFileReference; lastKnownFileType = sourcecode.swift; path = Feed.swift; sourceTree = "<group>"; };
		F0D4645D27FBA6FD0033EB54 /* HomeView.swift */ = {isa = PBXFileReference; lastKnownFileType = sourcecode.swift; path = HomeView.swift; sourceTree = "<group>"; };
		F0D4645F27FBADF10033EB54 /* ArticleCell.swift */ = {isa = PBXFileReference; lastKnownFileType = sourcecode.swift; path = ArticleCell.swift; sourceTree = "<group>"; };
		F0D4646227FBB46E0033EB54 /* BaseViewController.swift */ = {isa = PBXFileReference; lastKnownFileType = sourcecode.swift; path = BaseViewController.swift; sourceTree = "<group>"; };
		F0DF45E027FC5B13000EA644 /* ArticleSectionModel.swift */ = {isa = PBXFileReference; lastKnownFileType = sourcecode.swift; path = ArticleSectionModel.swift; sourceTree = "<group>"; };
		F0F9B56527FCFC5D001C51B9 /* AppDelegate+Nuke.swift */ = {isa = PBXFileReference; lastKnownFileType = sourcecode.swift; path = "AppDelegate+Nuke.swift"; sourceTree = "<group>"; };
		F0FEF82E27FA28CE00590C5B /* FeedServiceMock.swift */ = {isa = PBXFileReference; lastKnownFileType = sourcecode.swift; path = FeedServiceMock.swift; sourceTree = "<group>"; };
/* End PBXFileReference section */

/* Begin PBXFrameworksBuildPhase section */
		F055635527F6F60100AA840E /* Frameworks */ = {
			isa = PBXFrameworksBuildPhase;
			buildActionMask = 2147483647;
			files = (
				F0DF45E527FC996E000EA644 /* Nuke in Frameworks */,
				F0A2A04427FC2B4D00C22BB6 /* Differentiator in Frameworks */,
				F03F354A2804C8340088A8EE /* RxEnumKit in Frameworks */,
				F0FCAA9827F89A5200EED4B2 /* XMLCoder in Frameworks */,
				F0B8DEAA27F7D8360031E23E /* RxSwift in Frameworks */,
				F0B8DEAD27F7D8750031E23E /* SnapKit in Frameworks */,
				F0B8DEA827F7D8360031E23E /* RxRelay in Frameworks */,
				F0A2A04627FC2B4D00C22BB6 /* RxDataSources in Frameworks */,
				F0A9390E27F86BDC009675BF /* RxAlamofire in Frameworks */,
				F0B8DEA627F7D8360031E23E /* RxCocoa in Frameworks */,
			);
			runOnlyForDeploymentPostprocessing = 0;
		};
/* End PBXFrameworksBuildPhase section */

/* Begin PBXGroup section */
		F055634F27F6F60100AA840E = {
			isa = PBXGroup;
			children = (
				F055635A27F6F60100AA840E /* FeedVerse */,
				F055635927F6F60100AA840E /* Products */,
			);
			sourceTree = "<group>";
		};
		F055635927F6F60100AA840E /* Products */ = {
			isa = PBXGroup;
			children = (
				F055635827F6F60100AA840E /* FeedVerse.app */,
			);
			name = Products;
			sourceTree = "<group>";
		};
		F055635A27F6F60100AA840E /* FeedVerse */ = {
			isa = PBXGroup;
			children = (
				F0B8DEA127F7D48E0031E23E /* Application */,
				F0D4645A27FB997B0033EB54 /* Data */,
				F0D4645927FB99740033EB54 /* Domain */,
				F0D4645827FB995A0033EB54 /* Presentation */,
				F0D4645C27FB9CCB0033EB54 /* Supporting files */,
			);
			path = FeedVerse;
			sourceTree = "<group>";
		};
		F087D7B527FAE67D008849F5 /* Base */ = {
			isa = PBXGroup;
			children = (
				F087D7B627FAE689008849F5 /* NetworkClient.swift */,
			);
			path = Base;
			sourceTree = "<group>";
		};
		F0A2A03F27FBBCE300C22BB6 /* Utils */ = {
			isa = PBXGroup;
			children = (
				F0A2A04027FBBCFC00C22BB6 /* Rx+CustomView.swift */,
				F02EEC7F27FEDC2C004FCF8A /* UITableViewCell+Indentifier.swift */,
				F0D3421227FF44AB00CDE8B5 /* BindableType.swift */,
				F0D3421427FF476D00CDE8B5 /* Constants.swift */,
			);
			path = Utils;
			sourceTree = "<group>";
		};
		F0B8DE9F27F7D4660031E23E /* Networking */ = {
			isa = PBXGroup;
			children = (
				F087D7B527FAE67D008849F5 /* Base */,
				F0FEF82D27FA28AD00590C5B /* Services */,
			);
			path = Networking;
			sourceTree = "<group>";
		};
		F0B8DEA027F7D4750031E23E /* Models */ = {
			isa = PBXGroup;
			children = (
				F0D4645327FB32C70033EB54 /* DTO */,
				F0D4645627FB353D0033EB54 /* Feed.swift */,
			);
			path = Models;
			sourceTree = "<group>";
		};
		F0B8DEA127F7D48E0031E23E /* Application */ = {
			isa = PBXGroup;
			children = (
				F055635B27F6F60100AA840E /* AppDelegate.swift */,
				F0F9B56527FCFC5D001C51B9 /* AppDelegate+Nuke.swift */,
			);
			path = Application;
			sourceTree = "<group>";
		};
		F0B8DEA327F7D4AC0031E23E /* Home */ = {
			isa = PBXGroup;
			children = (
				F0DF45E227FC6031000EA644 /* ArticleTableView */,
				F055635F27F6F60100AA840E /* HomeViewController.swift */,
				F0D4645D27FBA6FD0033EB54 /* HomeView.swift */,
				F02EEC8127FEDFC5004FCF8A /* HomeViewModel.swift */,
			);
			path = Home;
			sourceTree = "<group>";
		};
		F0D4645327FB32C70033EB54 /* DTO */ = {
			isa = PBXGroup;
			children = (
				F0A9391127F88713009675BF /* FeedDTO.swift */,
			);
			path = DTO;
			sourceTree = "<group>";
		};
		F0D4645827FB995A0033EB54 /* Presentation */ = {
			isa = PBXGroup;
			children = (
				F0A2A03F27FBBCE300C22BB6 /* Utils */,
				F0D4646127FBB4600033EB54 /* Base */,
				F0B8DEA327F7D4AC0031E23E /* Home */,
			);
			path = Presentation;
			sourceTree = "<group>";
		};
		F0D4645927FB99740033EB54 /* Domain */ = {
			isa = PBXGroup;
			children = (
			);
			path = Domain;
			sourceTree = "<group>";
		};
		F0D4645A27FB997B0033EB54 /* Data */ = {
			isa = PBXGroup;
			children = (
				F0B8DE9F27F7D4660031E23E /* Networking */,
				F0B8DEA027F7D4750031E23E /* Models */,
			);
			path = Data;
			sourceTree = "<group>";
		};
		F0D4645C27FB9CCB0033EB54 /* Supporting files */ = {
			isa = PBXGroup;
			children = (
				F055636927F6F60100AA840E /* Info.plist */,
				F055636627F6F60100AA840E /* LaunchScreen.storyboard */,
				F055636427F6F60100AA840E /* Assets.xcassets */,
			);
			path = "Supporting files";
			sourceTree = "<group>";
		};
		F0D4646127FBB4600033EB54 /* Base */ = {
			isa = PBXGroup;
			children = (
				F0D4646227FBB46E0033EB54 /* BaseViewController.swift */,
				F0D3421627FF489E00CDE8B5 /* BaseViewModel.swift */,
			);
			path = Base;
			sourceTree = "<group>";
		};
		F0DF45E227FC6031000EA644 /* ArticleTableView */ = {
			isa = PBXGroup;
			children = (
				F0D4645F27FBADF10033EB54 /* ArticleCell.swift */,
				F0DF45E027FC5B13000EA644 /* ArticleSectionModel.swift */,
			);
			path = ArticleTableView;
			sourceTree = "<group>";
		};
		F0FEF82D27FA28AD00590C5B /* Services */ = {
			isa = PBXGroup;
			children = (
				F0A9390F27F87F5D009675BF /* FeedService.swift */,
				F0FEF82E27FA28CE00590C5B /* FeedServiceMock.swift */,
			);
			path = Services;
			sourceTree = "<group>";
		};
/* End PBXGroup section */

/* Begin PBXNativeTarget section */
		F055635727F6F60100AA840E /* FeedVerse */ = {
			isa = PBXNativeTarget;
			buildConfigurationList = F055636C27F6F60100AA840E /* Build configuration list for PBXNativeTarget "FeedVerse" */;
			buildPhases = (
				F055635427F6F60100AA840E /* Sources */,
				F055635527F6F60100AA840E /* Frameworks */,
				F055635627F6F60100AA840E /* Resources */,
				F0D4645B27FB9C500033EB54 /* SwiftLint */,
			);
			buildRules = (
			);
			dependencies = (
			);
			name = FeedVerse;
			packageProductDependencies = (
				F0B8DEA527F7D8360031E23E /* RxCocoa */,
				F0B8DEA727F7D8360031E23E /* RxRelay */,
				F0B8DEA927F7D8360031E23E /* RxSwift */,
				F0B8DEAC27F7D8750031E23E /* SnapKit */,
				F0A9390D27F86BDC009675BF /* RxAlamofire */,
				F0FCAA9727F89A5200EED4B2 /* XMLCoder */,
				F0A2A04327FC2B4D00C22BB6 /* Differentiator */,
				F0A2A04527FC2B4D00C22BB6 /* RxDataSources */,
				F0DF45E427FC996E000EA644 /* Nuke */,
				F03F35492804C8340088A8EE /* RxEnumKit */,
			);
			productName = FeedVerse;
			productReference = F055635827F6F60100AA840E /* FeedVerse.app */;
			productType = "com.apple.product-type.application";
		};
/* End PBXNativeTarget section */

/* Begin PBXProject section */
		F055635027F6F60100AA840E /* Project object */ = {
			isa = PBXProject;
			attributes = {
				BuildIndependentTargetsInParallel = 1;
				LastSwiftUpdateCheck = 1330;
				LastUpgradeCheck = 1330;
				TargetAttributes = {
					F055635727F6F60100AA840E = {
						CreatedOnToolsVersion = 13.3;
					};
				};
			};
			buildConfigurationList = F055635327F6F60100AA840E /* Build configuration list for PBXProject "FeedVerse" */;
			compatibilityVersion = "Xcode 13.0";
			developmentRegion = en;
			hasScannedForEncodings = 0;
			knownRegions = (
				en,
				Base,
			);
			mainGroup = F055634F27F6F60100AA840E;
			packageReferences = (
				F0B8DEA427F7D8360031E23E /* XCRemoteSwiftPackageReference "RxSwift" */,
				F0B8DEAB27F7D8750031E23E /* XCRemoteSwiftPackageReference "SnapKit" */,
				F0A9390C27F86BDC009675BF /* XCRemoteSwiftPackageReference "RxAlamofire" */,
				F0FCAA9627F89A5200EED4B2 /* XCRemoteSwiftPackageReference "XMLCoder" */,
				F0A2A04227FC2B4D00C22BB6 /* XCRemoteSwiftPackageReference "RxDataSources" */,
				F0DF45E327FC996E000EA644 /* XCRemoteSwiftPackageReference "Nuke" */,
				F03F35482804C8340088A8EE /* XCRemoteSwiftPackageReference "RxEnumKit" */,
			);
			productRefGroup = F055635927F6F60100AA840E /* Products */;
			projectDirPath = "";
			projectRoot = "";
			targets = (
				F055635727F6F60100AA840E /* FeedVerse */,
			);
		};
/* End PBXProject section */

/* Begin PBXResourcesBuildPhase section */
		F055635627F6F60100AA840E /* Resources */ = {
			isa = PBXResourcesBuildPhase;
			buildActionMask = 2147483647;
			files = (
				F055636827F6F60100AA840E /* LaunchScreen.storyboard in Resources */,
				F055636527F6F60100AA840E /* Assets.xcassets in Resources */,
			);
			runOnlyForDeploymentPostprocessing = 0;
		};
/* End PBXResourcesBuildPhase section */

/* Begin PBXShellScriptBuildPhase section */
		F0D4645B27FB9C500033EB54 /* SwiftLint */ = {
			isa = PBXShellScriptBuildPhase;
			buildActionMask = 2147483647;
			files = (
			);
			inputFileListPaths = (
			);
			inputPaths = (
			);
			name = SwiftLint;
			outputFileListPaths = (
			);
			outputPaths = (
			);
			runOnlyForDeploymentPostprocessing = 0;
			shellPath = /bin/sh;
			shellScript = "if test -d \"/opt/homebrew/bin/\"; then\n  PATH=\"/opt/homebrew/bin/:${PATH}\"\nfi\n\nexport PATH\n\nif which swiftlint >/dev/null; then\n  swiftlint\nelse\n  echo \"warning: SwiftLint not installed, download from https://github.com/realm/SwiftLint\"\nfi\n";
		};
/* End PBXShellScriptBuildPhase section */

/* Begin PBXSourcesBuildPhase section */
		F055635427F6F60100AA840E /* Sources */ = {
			isa = PBXSourcesBuildPhase;
			buildActionMask = 2147483647;
			files = (
				F0D3421527FF476D00CDE8B5 /* Constants.swift in Sources */,
				F0D3421327FF44AB00CDE8B5 /* BindableType.swift in Sources */,
				F0FEF82F27FA28CE00590C5B /* FeedServiceMock.swift in Sources */,
				F055636027F6F60100AA840E /* HomeViewController.swift in Sources */,
				F0A9391227F88713009675BF /* FeedDTO.swift in Sources */,
				F0D3421727FF489E00CDE8B5 /* BaseViewModel.swift in Sources */,
				F0D4645727FB353D0033EB54 /* Feed.swift in Sources */,
				F0F9B56627FCFC5D001C51B9 /* AppDelegate+Nuke.swift in Sources */,
				F055635C27F6F60100AA840E /* AppDelegate.swift in Sources */,
				F0D4646327FBB46E0033EB54 /* BaseViewController.swift in Sources */,
				F0DF45E127FC5B13000EA644 /* ArticleSectionModel.swift in Sources */,
				F0A2A04127FBBCFC00C22BB6 /* Rx+CustomView.swift in Sources */,
				F0D4646027FBADF10033EB54 /* ArticleCell.swift in Sources */,
				F0D4645E27FBA6FD0033EB54 /* HomeView.swift in Sources */,
				F02EEC8027FEDC2C004FCF8A /* UITableViewCell+Indentifier.swift in Sources */,
				F087D7B727FAE689008849F5 /* NetworkClient.swift in Sources */,
				F02EEC8227FEDFC5004FCF8A /* HomeViewModel.swift in Sources */,
				F0A9391027F87F5D009675BF /* FeedService.swift in Sources */,
			);
			runOnlyForDeploymentPostprocessing = 0;
		};
/* End PBXSourcesBuildPhase section */

/* Begin PBXVariantGroup section */
		F055636627F6F60100AA840E /* LaunchScreen.storyboard */ = {
			isa = PBXVariantGroup;
			children = (
				F055636727F6F60100AA840E /* Base */,
			);
			name = LaunchScreen.storyboard;
			sourceTree = "<group>";
		};
/* End PBXVariantGroup section */

/* Begin XCBuildConfiguration section */
		F055636A27F6F60100AA840E /* Debug */ = {
			isa = XCBuildConfiguration;
			buildSettings = {
				ALWAYS_SEARCH_USER_PATHS = NO;
				CLANG_ANALYZER_NONNULL = YES;
				CLANG_ANALYZER_NUMBER_OBJECT_CONVERSION = YES_AGGRESSIVE;
				CLANG_CXX_LANGUAGE_STANDARD = "gnu++17";
				CLANG_ENABLE_MODULES = YES;
				CLANG_ENABLE_OBJC_ARC = YES;
				CLANG_ENABLE_OBJC_WEAK = YES;
				CLANG_WARN_BLOCK_CAPTURE_AUTORELEASING = YES;
				CLANG_WARN_BOOL_CONVERSION = YES;
				CLANG_WARN_COMMA = YES;
				CLANG_WARN_CONSTANT_CONVERSION = YES;
				CLANG_WARN_DEPRECATED_OBJC_IMPLEMENTATIONS = YES;
				CLANG_WARN_DIRECT_OBJC_ISA_USAGE = YES_ERROR;
				CLANG_WARN_DOCUMENTATION_COMMENTS = YES;
				CLANG_WARN_EMPTY_BODY = YES;
				CLANG_WARN_ENUM_CONVERSION = YES;
				CLANG_WARN_INFINITE_RECURSION = YES;
				CLANG_WARN_INT_CONVERSION = YES;
				CLANG_WARN_NON_LITERAL_NULL_CONVERSION = YES;
				CLANG_WARN_OBJC_IMPLICIT_RETAIN_SELF = YES;
				CLANG_WARN_OBJC_LITERAL_CONVERSION = YES;
				CLANG_WARN_OBJC_ROOT_CLASS = YES_ERROR;
				CLANG_WARN_QUOTED_INCLUDE_IN_FRAMEWORK_HEADER = YES;
				CLANG_WARN_RANGE_LOOP_ANALYSIS = YES;
				CLANG_WARN_STRICT_PROTOTYPES = YES;
				CLANG_WARN_SUSPICIOUS_MOVE = YES;
				CLANG_WARN_UNGUARDED_AVAILABILITY = YES_AGGRESSIVE;
				CLANG_WARN_UNREACHABLE_CODE = YES;
				CLANG_WARN__DUPLICATE_METHOD_MATCH = YES;
				COPY_PHASE_STRIP = NO;
				DEBUG_INFORMATION_FORMAT = dwarf;
				ENABLE_STRICT_OBJC_MSGSEND = YES;
				ENABLE_TESTABILITY = YES;
				GCC_C_LANGUAGE_STANDARD = gnu11;
				GCC_DYNAMIC_NO_PIC = NO;
				GCC_NO_COMMON_BLOCKS = YES;
				GCC_OPTIMIZATION_LEVEL = 0;
				GCC_PREPROCESSOR_DEFINITIONS = (
					"DEBUG=1",
					"$(inherited)",
				);
				GCC_WARN_64_TO_32_BIT_CONVERSION = YES;
				GCC_WARN_ABOUT_RETURN_TYPE = YES_ERROR;
				GCC_WARN_UNDECLARED_SELECTOR = YES;
				GCC_WARN_UNINITIALIZED_AUTOS = YES_AGGRESSIVE;
				GCC_WARN_UNUSED_FUNCTION = YES;
				GCC_WARN_UNUSED_VARIABLE = YES;
				IPHONEOS_DEPLOYMENT_TARGET = 13.0;
				MTL_ENABLE_DEBUG_INFO = INCLUDE_SOURCE;
				MTL_FAST_MATH = YES;
				ONLY_ACTIVE_ARCH = YES;
				SDKROOT = iphoneos;
				SWIFT_ACTIVE_COMPILATION_CONDITIONS = DEBUG;
				SWIFT_OPTIMIZATION_LEVEL = "-Onone";
			};
			name = Debug;
		};
		F055636B27F6F60100AA840E /* Release */ = {
			isa = XCBuildConfiguration;
			buildSettings = {
				ALWAYS_SEARCH_USER_PATHS = NO;
				CLANG_ANALYZER_NONNULL = YES;
				CLANG_ANALYZER_NUMBER_OBJECT_CONVERSION = YES_AGGRESSIVE;
				CLANG_CXX_LANGUAGE_STANDARD = "gnu++17";
				CLANG_ENABLE_MODULES = YES;
				CLANG_ENABLE_OBJC_ARC = YES;
				CLANG_ENABLE_OBJC_WEAK = YES;
				CLANG_WARN_BLOCK_CAPTURE_AUTORELEASING = YES;
				CLANG_WARN_BOOL_CONVERSION = YES;
				CLANG_WARN_COMMA = YES;
				CLANG_WARN_CONSTANT_CONVERSION = YES;
				CLANG_WARN_DEPRECATED_OBJC_IMPLEMENTATIONS = YES;
				CLANG_WARN_DIRECT_OBJC_ISA_USAGE = YES_ERROR;
				CLANG_WARN_DOCUMENTATION_COMMENTS = YES;
				CLANG_WARN_EMPTY_BODY = YES;
				CLANG_WARN_ENUM_CONVERSION = YES;
				CLANG_WARN_INFINITE_RECURSION = YES;
				CLANG_WARN_INT_CONVERSION = YES;
				CLANG_WARN_NON_LITERAL_NULL_CONVERSION = YES;
				CLANG_WARN_OBJC_IMPLICIT_RETAIN_SELF = YES;
				CLANG_WARN_OBJC_LITERAL_CONVERSION = YES;
				CLANG_WARN_OBJC_ROOT_CLASS = YES_ERROR;
				CLANG_WARN_QUOTED_INCLUDE_IN_FRAMEWORK_HEADER = YES;
				CLANG_WARN_RANGE_LOOP_ANALYSIS = YES;
				CLANG_WARN_STRICT_PROTOTYPES = YES;
				CLANG_WARN_SUSPICIOUS_MOVE = YES;
				CLANG_WARN_UNGUARDED_AVAILABILITY = YES_AGGRESSIVE;
				CLANG_WARN_UNREACHABLE_CODE = YES;
				CLANG_WARN__DUPLICATE_METHOD_MATCH = YES;
				COPY_PHASE_STRIP = NO;
				DEBUG_INFORMATION_FORMAT = "dwarf-with-dsym";
				ENABLE_NS_ASSERTIONS = NO;
				ENABLE_STRICT_OBJC_MSGSEND = YES;
				GCC_C_LANGUAGE_STANDARD = gnu11;
				GCC_NO_COMMON_BLOCKS = YES;
				GCC_WARN_64_TO_32_BIT_CONVERSION = YES;
				GCC_WARN_ABOUT_RETURN_TYPE = YES_ERROR;
				GCC_WARN_UNDECLARED_SELECTOR = YES;
				GCC_WARN_UNINITIALIZED_AUTOS = YES_AGGRESSIVE;
				GCC_WARN_UNUSED_FUNCTION = YES;
				GCC_WARN_UNUSED_VARIABLE = YES;
				IPHONEOS_DEPLOYMENT_TARGET = 13.0;
				MTL_ENABLE_DEBUG_INFO = NO;
				MTL_FAST_MATH = YES;
				SDKROOT = iphoneos;
				SWIFT_COMPILATION_MODE = wholemodule;
				SWIFT_OPTIMIZATION_LEVEL = "-O";
				VALIDATE_PRODUCT = YES;
			};
			name = Release;
		};
		F055636D27F6F60100AA840E /* Debug */ = {
			isa = XCBuildConfiguration;
			buildSettings = {
				ASSETCATALOG_COMPILER_APPICON_NAME = AppIcon;
				ASSETCATALOG_COMPILER_GLOBAL_ACCENT_COLOR_NAME = AccentColor;
				CODE_SIGN_STYLE = Automatic;
				CURRENT_PROJECT_VERSION = 1;
				DEVELOPMENT_TEAM = G94YBLPX8A;
				GENERATE_INFOPLIST_FILE = YES;
				INFOPLIST_FILE = "FeedVerse/Supporting files/Info.plist";
				INFOPLIST_KEY_UIApplicationSupportsIndirectInputEvents = YES;
				INFOPLIST_KEY_UILaunchStoryboardName = LaunchScreen;
				INFOPLIST_KEY_UISupportedInterfaceOrientations = "UIInterfaceOrientationPortrait UIInterfaceOrientationLandscapeLeft UIInterfaceOrientationLandscapeRight";
				INFOPLIST_KEY_UISupportedInterfaceOrientations_iPad = "UIInterfaceOrientationPortrait UIInterfaceOrientationPortraitUpsideDown UIInterfaceOrientationLandscapeLeft UIInterfaceOrientationLandscapeRight";
				INFOPLIST_KEY_UISupportedInterfaceOrientations_iPhone = "UIInterfaceOrientationPortrait UIInterfaceOrientationLandscapeLeft UIInterfaceOrientationLandscapeRight";
				LD_RUNPATH_SEARCH_PATHS = (
					"$(inherited)",
					"@executable_path/Frameworks",
				);
				MARKETING_VERSION = 1.0;
				PRODUCT_BUNDLE_IDENTIFIER = dev.etino.FeedVerse;
				PRODUCT_NAME = "$(TARGET_NAME)";
				SWIFT_EMIT_LOC_STRINGS = YES;
				SWIFT_VERSION = 5.0;
				TARGETED_DEVICE_FAMILY = "1,2";
			};
			name = Debug;
		};
		F055636E27F6F60100AA840E /* Release */ = {
			isa = XCBuildConfiguration;
			buildSettings = {
				ASSETCATALOG_COMPILER_APPICON_NAME = AppIcon;
				ASSETCATALOG_COMPILER_GLOBAL_ACCENT_COLOR_NAME = AccentColor;
				CODE_SIGN_STYLE = Automatic;
				CURRENT_PROJECT_VERSION = 1;
				DEVELOPMENT_TEAM = G94YBLPX8A;
				GENERATE_INFOPLIST_FILE = YES;
				INFOPLIST_FILE = "FeedVerse/Supporting files/Info.plist";
				INFOPLIST_KEY_UIApplicationSupportsIndirectInputEvents = YES;
				INFOPLIST_KEY_UILaunchStoryboardName = LaunchScreen;
				INFOPLIST_KEY_UISupportedInterfaceOrientations = "UIInterfaceOrientationPortrait UIInterfaceOrientationLandscapeLeft UIInterfaceOrientationLandscapeRight";
				INFOPLIST_KEY_UISupportedInterfaceOrientations_iPad = "UIInterfaceOrientationPortrait UIInterfaceOrientationPortraitUpsideDown UIInterfaceOrientationLandscapeLeft UIInterfaceOrientationLandscapeRight";
				INFOPLIST_KEY_UISupportedInterfaceOrientations_iPhone = "UIInterfaceOrientationPortrait UIInterfaceOrientationLandscapeLeft UIInterfaceOrientationLandscapeRight";
				LD_RUNPATH_SEARCH_PATHS = (
					"$(inherited)",
					"@executable_path/Frameworks",
				);
				MARKETING_VERSION = 1.0;
				PRODUCT_BUNDLE_IDENTIFIER = dev.etino.FeedVerse;
				PRODUCT_NAME = "$(TARGET_NAME)";
				SWIFT_EMIT_LOC_STRINGS = YES;
				SWIFT_VERSION = 5.0;
				TARGETED_DEVICE_FAMILY = "1,2";
			};
			name = Release;
		};
/* End XCBuildConfiguration section */

/* Begin XCConfigurationList section */
		F055635327F6F60100AA840E /* Build configuration list for PBXProject "FeedVerse" */ = {
			isa = XCConfigurationList;
			buildConfigurations = (
				F055636A27F6F60100AA840E /* Debug */,
				F055636B27F6F60100AA840E /* Release */,
			);
			defaultConfigurationIsVisible = 0;
			defaultConfigurationName = Release;
		};
		F055636C27F6F60100AA840E /* Build configuration list for PBXNativeTarget "FeedVerse" */ = {
			isa = XCConfigurationList;
			buildConfigurations = (
				F055636D27F6F60100AA840E /* Debug */,
				F055636E27F6F60100AA840E /* Release */,
			);
			defaultConfigurationIsVisible = 0;
			defaultConfigurationName = Release;
		};
/* End XCConfigurationList section */

/* Begin XCRemoteSwiftPackageReference section */
		F03F35482804C8340088A8EE /* XCRemoteSwiftPackageReference "RxEnumKit" */ = {
			isa = XCRemoteSwiftPackageReference;
			repositoryURL = "https://github.com/gringoireDM/RxEnumKit";
			requirement = {
				kind = upToNextMajorVersion;
				minimumVersion = 2.0.0;
			};
		};
		F0A2A04227FC2B4D00C22BB6 /* XCRemoteSwiftPackageReference "RxDataSources" */ = {
			isa = XCRemoteSwiftPackageReference;
			repositoryURL = "https://github.com/RxSwiftCommunity/RxDataSources";
			requirement = {
				kind = upToNextMajorVersion;
				minimumVersion = 5.0.0;
			};
		};
		F0A9390C27F86BDC009675BF /* XCRemoteSwiftPackageReference "RxAlamofire" */ = {
			isa = XCRemoteSwiftPackageReference;
			repositoryURL = "https://github.com/RxSwiftCommunity/RxAlamofire";
			requirement = {
				branch = main;
				kind = branch;
			};
		};
		F0B8DEA427F7D8360031E23E /* XCRemoteSwiftPackageReference "RxSwift" */ = {
			isa = XCRemoteSwiftPackageReference;
			repositoryURL = "https://github.com/ReactiveX/RxSwift";
			requirement = {
				kind = upToNextMajorVersion;
				minimumVersion = 6.0.0;
			};
		};
		F0B8DEAB27F7D8750031E23E /* XCRemoteSwiftPackageReference "SnapKit" */ = {
			isa = XCRemoteSwiftPackageReference;
			repositoryURL = "https://github.com/SnapKit/SnapKit";
			requirement = {
				kind = upToNextMajorVersion;
				minimumVersion = 5.0.0;
			};
		};
		F0DF45E327FC996E000EA644 /* XCRemoteSwiftPackageReference "Nuke" */ = {
			isa = XCRemoteSwiftPackageReference;
			repositoryURL = "https://github.com/kean/Nuke";
			requirement = {
				kind = upToNextMajorVersion;
				minimumVersion = 9.0.0;
			};
		};
		F0FCAA9627F89A5200EED4B2 /* XCRemoteSwiftPackageReference "XMLCoder" */ = {
			isa = XCRemoteSwiftPackageReference;
			repositoryURL = "https://github.com/CoreOffice/XMLCoder";
			requirement = {
				kind = upToNextMajorVersion;
				minimumVersion = 0.9.0;
			};
		};
/* End XCRemoteSwiftPackageReference section */

/* Begin XCSwiftPackageProductDependency section */
		F03F35492804C8340088A8EE /* RxEnumKit */ = {
			isa = XCSwiftPackageProductDependency;
			package = F03F35482804C8340088A8EE /* XCRemoteSwiftPackageReference "RxEnumKit" */;
			productName = RxEnumKit;
		};
		F0A2A04327FC2B4D00C22BB6 /* Differentiator */ = {
			isa = XCSwiftPackageProductDependency;
			package = F0A2A04227FC2B4D00C22BB6 /* XCRemoteSwiftPackageReference "RxDataSources" */;
			productName = Differentiator;
		};
		F0A2A04527FC2B4D00C22BB6 /* RxDataSources */ = {
			isa = XCSwiftPackageProductDependency;
			package = F0A2A04227FC2B4D00C22BB6 /* XCRemoteSwiftPackageReference "RxDataSources" */;
			productName = RxDataSources;
		};
		F0A9390D27F86BDC009675BF /* RxAlamofire */ = {
			isa = XCSwiftPackageProductDependency;
			package = F0A9390C27F86BDC009675BF /* XCRemoteSwiftPackageReference "RxAlamofire" */;
			productName = RxAlamofire;
		};
		F0B8DEA527F7D8360031E23E /* RxCocoa */ = {
			isa = XCSwiftPackageProductDependency;
			package = F0B8DEA427F7D8360031E23E /* XCRemoteSwiftPackageReference "RxSwift" */;
			productName = RxCocoa;
		};
		F0B8DEA727F7D8360031E23E /* RxRelay */ = {
			isa = XCSwiftPackageProductDependency;
			package = F0B8DEA427F7D8360031E23E /* XCRemoteSwiftPackageReference "RxSwift" */;
			productName = RxRelay;
		};
		F0B8DEA927F7D8360031E23E /* RxSwift */ = {
			isa = XCSwiftPackageProductDependency;
			package = F0B8DEA427F7D8360031E23E /* XCRemoteSwiftPackageReference "RxSwift" */;
			productName = RxSwift;
		};
		F0B8DEAC27F7D8750031E23E /* SnapKit */ = {
			isa = XCSwiftPackageProductDependency;
			package = F0B8DEAB27F7D8750031E23E /* XCRemoteSwiftPackageReference "SnapKit" */;
			productName = SnapKit;
		};
		F0DF45E427FC996E000EA644 /* Nuke */ = {
			isa = XCSwiftPackageProductDependency;
			package = F0DF45E327FC996E000EA644 /* XCRemoteSwiftPackageReference "Nuke" */;
			productName = Nuke;
		};
		F0FCAA9727F89A5200EED4B2 /* XMLCoder */ = {
			isa = XCSwiftPackageProductDependency;
			package = F0FCAA9627F89A5200EED4B2 /* XCRemoteSwiftPackageReference "XMLCoder" */;
			productName = XMLCoder;
		};
/* End XCSwiftPackageProductDependency section */
	};
	rootObject = F055635027F6F60100AA840E /* Project object */;
}
